
Microsoft Visual Studio Solution File, Format Version 12.00
# Visual Studio Version 17
VisualStudioVersion = 17.9.34622.214
MinimumVisualStudioVersion = 10.0.40219.1
Project("{9A19103F-16F7-4668-BE54-9A1E7A4F7556}") = "MWL.ContentService.Api", "MWL.ContentService.Api\MWL.ContentService.Api.csproj", "{072E0858-38F7-48E2-9FD2-C6233C3076EB}"
EndProject
Project("{9A19103F-16F7-4668-BE54-9A1E7A4F7556}") = "MWL.ContentService.Storage", "MWL.ContentService.Storage\MWL.ContentService.Storage.csproj", "{CC985F28-428D-4B70-9122-8A614B16C2DD}"
EndProject
Project("{9A19103F-16F7-4668-BE54-9A1E7A4F7556}") = "MWL.ContentService.Application", "MWL.ContentService.Application\MWL.ContentService.Application.csproj", "{95266688-82F3-4BF1-9B1B-E0BB913B144C}"
EndProject
Project("{9A19103F-16F7-4668-BE54-9A1E7A4F7556}") = "MWL.ContentService.Domain", "MWL.ContentService.Domain\MWL.ContentService.Domain.csproj", "{C6F5CE18-3362-410B-81EC-6F8B35F55981}"
EndProject
Project("{FAE04EC0-301F-11D3-BF4B-00C04F79EFBC}") = "MWL.ContentService.Messaging", "MWL.ContentService.Messaging\MWL.ContentService.Messaging.csproj", "{94E86FD1-6723-468E-BE7B-38C4F5506D84}"
EndProject
Global
	GlobalSection(SolutionConfigurationPlatforms) = preSolution
		Debug|Any CPU = Debug|Any CPU
		Release|Any CPU = Release|Any CPU
	EndGlobalSection
	GlobalSection(ProjectConfigurationPlatforms) = postSolution
		{072E0858-38F7-48E2-9FD2-C6233C3076EB}.Debug|Any CPU.ActiveCfg = Debug|Any CPU
		{072E0858-38F7-48E2-9FD2-C6233C3076EB}.Debug|Any CPU.Build.0 = Debug|Any CPU
		{072E0858-38F7-48E2-9FD2-C6233C3076EB}.Release|Any CPU.ActiveCfg = Release|Any CPU
		{072E0858-38F7-48E2-9FD2-C6233C3076EB}.Release|Any CPU.Build.0 = Release|Any CPU
		{CC985F28-428D-4B70-9122-8A614B16C2DD}.Debug|Any CPU.ActiveCfg = Debug|Any CPU
		{CC985F28-428D-4B70-9122-8A614B16C2DD}.Debug|Any CPU.Build.0 = Debug|Any CPU
		{CC985F28-428D-4B70-9122-8A614B16C2DD}.Release|Any CPU.ActiveCfg = Release|Any CPU
		{CC985F28-428D-4B70-9122-8A614B16C2DD}.Release|Any CPU.Build.0 = Release|Any CPU
		{95266688-82F3-4BF1-9B1B-E0BB913B144C}.Debug|Any CPU.ActiveCfg = Debug|Any CPU
		{95266688-82F3-4BF1-9B1B-E0BB913B144C}.Debug|Any CPU.Build.0 = Debug|Any CPU
		{95266688-82F3-4BF1-9B1B-E0BB913B144C}.Release|Any CPU.ActiveCfg = Release|Any CPU
		{95266688-82F3-4BF1-9B1B-E0BB913B144C}.Release|Any CPU.Build.0 = Release|Any CPU
		{C6F5CE18-3362-410B-81EC-6F8B35F55981}.Debug|Any CPU.ActiveCfg = Debug|Any CPU
		{C6F5CE18-3362-410B-81EC-6F8B35F55981}.Debug|Any CPU.Build.0 = Debug|Any CPU
		{C6F5CE18-3362-410B-81EC-6F8B35F55981}.Release|Any CPU.ActiveCfg = Release|Any CPU
		{C6F5CE18-3362-410B-81EC-6F8B35F55981}.Release|Any CPU.Build.0 = Release|Any CPU
		{94E86FD1-6723-468E-BE7B-38C4F5506D84}.Debug|Any CPU.ActiveCfg = Debug|Any CPU
		{94E86FD1-6723-468E-BE7B-38C4F5506D84}.Debug|Any CPU.Build.0 = Debug|Any CPU
		{94E86FD1-6723-468E-BE7B-38C4F5506D84}.Release|Any CPU.ActiveCfg = Release|Any CPU
		{94E86FD1-6723-468E-BE7B-38C4F5506D84}.Release|Any CPU.Build.0 = Release|Any CPU
	EndGlobalSection
	GlobalSection(SolutionProperties) = preSolution
		HideSolutionNode = FALSE
	EndGlobalSection
	GlobalSection(ExtensibilityGlobals) = postSolution
		SolutionGuid = {D83D32AF-F45E-4A40-8F17-5CB94E9B3F58}
	EndGlobalSection
EndGlobal
