
Microsoft Visual Studio Solution File, Format Version 12.00
# Visual Studio Version 17
VisualStudioVersion = 17.9.34622.214
MinimumVisualStudioVersion = 10.0.40219.1
Project("{9A19103F-16F7-4668-BE54-9A1E7A4F7556}") = "MWL.ReviewService.Api", "MWL.ReviewService.Api\MWL.ReviewService.Api.csproj", "{A8CB225D-DA45-409A-9160-47C5EF40718A}"
EndProject
Project("{9A19103F-16F7-4668-BE54-9A1E7A4F7556}") = "MWL.ReviewService.Messaging", "MWL.ReviewService.Messaging\MWL.ReviewService.Messaging.csproj", "{EA7E9712-8A2A-4A83-841D-E03BE5F25F0D}"
EndProject
Project("{FAE04EC0-301F-11D3-BF4B-00C04F79EFBC}") = "MWL.ReviewService.Storage", "MWL.ReviewService.Storage\MWL.ReviewService.Storage.csproj", "{BF997455-7BDE-4CE4-8D86-32E7CDC6735F}"
EndProject
Project("{FAE04EC0-301F-11D3-BF4B-00C04F79EFBC}") = "MWL.ReviewService.Domain", "MWL.ReviewService.Domain\MWL.ReviewService.Domain.csproj", "{53E5A9BE-7C5C-4AE4-A1BF-9C22A7E73903}"
EndProject
Project("{FAE04EC0-301F-11D3-BF4B-00C04F79EFBC}") = "MWL.ReviewService.Application", "MWL.ReviewService.Application\MWL.ReviewService.Application.csproj", "{F2AE6115-9EF4-4194-A569-267E5803E845}"
EndProject
Global
	GlobalSection(SolutionConfigurationPlatforms) = preSolution
		Debug|Any CPU = Debug|Any CPU
		Release|Any CPU = Release|Any CPU
	EndGlobalSection
	GlobalSection(ProjectConfigurationPlatforms) = postSolution
		{A8CB225D-DA45-409A-9160-47C5EF40718A}.Debug|Any CPU.ActiveCfg = Debug|Any CPU
		{A8CB225D-DA45-409A-9160-47C5EF40718A}.Debug|Any CPU.Build.0 = Debug|Any CPU
		{A8CB225D-DA45-409A-9160-47C5EF40718A}.Release|Any CPU.ActiveCfg = Release|Any CPU
		{A8CB225D-DA45-409A-9160-47C5EF40718A}.Release|Any CPU.Build.0 = Release|Any CPU
		{EA7E9712-8A2A-4A83-841D-E03BE5F25F0D}.Debug|Any CPU.ActiveCfg = Debug|Any CPU
		{EA7E9712-8A2A-4A83-841D-E03BE5F25F0D}.Debug|Any CPU.Build.0 = Debug|Any CPU
		{EA7E9712-8A2A-4A83-841D-E03BE5F25F0D}.Release|Any CPU.ActiveCfg = Release|Any CPU
		{EA7E9712-8A2A-4A83-841D-E03BE5F25F0D}.Release|Any CPU.Build.0 = Release|Any CPU
		{BF997455-7BDE-4CE4-8D86-32E7CDC6735F}.Debug|Any CPU.ActiveCfg = Debug|Any CPU
		{BF997455-7BDE-4CE4-8D86-32E7CDC6735F}.Debug|Any CPU.Build.0 = Debug|Any CPU
		{BF997455-7BDE-4CE4-8D86-32E7CDC6735F}.Release|Any CPU.ActiveCfg = Release|Any CPU
		{BF997455-7BDE-4CE4-8D86-32E7CDC6735F}.Release|Any CPU.Build.0 = Release|Any CPU
		{53E5A9BE-7C5C-4AE4-A1BF-9C22A7E73903}.Debug|Any CPU.ActiveCfg = Debug|Any CPU
		{53E5A9BE-7C5C-4AE4-A1BF-9C22A7E73903}.Debug|Any CPU.Build.0 = Debug|Any CPU
		{53E5A9BE-7C5C-4AE4-A1BF-9C22A7E73903}.Release|Any CPU.ActiveCfg = Release|Any CPU
		{53E5A9BE-7C5C-4AE4-A1BF-9C22A7E73903}.Release|Any CPU.Build.0 = Release|Any CPU
		{F2AE6115-9EF4-4194-A569-267E5803E845}.Debug|Any CPU.ActiveCfg = Debug|Any CPU
		{F2AE6115-9EF4-4194-A569-267E5803E845}.Debug|Any CPU.Build.0 = Debug|Any CPU
		{F2AE6115-9EF4-4194-A569-267E5803E845}.Release|Any CPU.ActiveCfg = Release|Any CPU
		{F2AE6115-9EF4-4194-A569-267E5803E845}.Release|Any CPU.Build.0 = Release|Any CPU
	EndGlobalSection
	GlobalSection(SolutionProperties) = preSolution
		HideSolutionNode = FALSE
	EndGlobalSection
	GlobalSection(ExtensibilityGlobals) = postSolution
		SolutionGuid = {724A0988-CEB4-4FBB-9710-FCBDFCFE3921}
	EndGlobalSection
EndGlobal
